{
  "version": 4,
  "terraform_version": "0.14.7",
  "serial": 2253,
  "lineage": "9c9dad84-ef5f-332e-c867-99383986baf3",
  "outputs": {},
  "resources": [
    {
      "mode": "managed",
      "type": "aws_iam_policy",
      "name": "GH-Code-Deploy",
      "provider": "provider[\"registry.terraform.io/hashicorp/aws\"]",
      "instances": [
        {
          "schema_version": 0,
          "attributes": {
            "arn": "arn:aws:iam::231232113671:policy/GH-Code-Deploy",
            "description": "allows GitHub Actions to call CodeDeploy APIs to initiate application deployment on EC2 instances.",
            "id": "arn:aws:iam::231232113671:policy/GH-Code-Deploy",
            "name": "GH-Code-Deploy",
            "name_prefix": null,
            "path": "/",
            "policy": "{\"Statement\":[{\"Action\":[\"codedeploy:RegisterApplicationRevision\",\"codedeploy:GetApplicationRevision\"],\"Effect\":\"Allow\",\"Resource\":[\"arn:aws:codedeploy:us-east-1:231232113671:application:csye6225-webapp\"]},{\"Action\":[\"codedeploy:CreateDeployment\",\"codedeploy:GetDeployment\"],\"Effect\":\"Allow\",\"Resource\":[\"*\"]},{\"Action\":[\"codedeploy:GetDeploymentConfig\"],\"Effect\":\"Allow\",\"Resource\":[\"arn:aws:codedeploy:us-east-1:231232113671:deploymentconfig:CodeDeployDefault.OneAtATime\",\"arn:aws:codedeploy:us-east-1:231232113671:deploymentconfig:CodeDeployDefault.HalfAtATime\",\"arn:aws:codedeploy:us-east-1:231232113671:deploymentconfig:CodeDeployDefault.AllAtOnce\"]}],\"Version\":\"2012-10-17\"}"
          },
          "sensitive_attributes": []
        }
      ]
    },
    {
      "mode": "managed",
      "type": "aws_iam_policy",
      "name": "GH-Upload-To-S3",
      "provider": "provider[\"registry.terraform.io/hashicorp/aws\"]",
      "instances": [
        {
          "schema_version": 0,
          "attributes": {
            "arn": "arn:aws:iam::231232113671:policy/GH-Upload-To-S3",
            "description": "allows GitHub Actions to upload artifacts from latest successful build to dedicated S3 bucket used by CodeDeploy.",
            "id": "arn:aws:iam::231232113671:policy/GH-Upload-To-S3",
            "name": "GH-Upload-To-S3",
            "name_prefix": null,
            "path": "/",
            "policy": "{\"Statement\":[{\"Action\":[\"s3:PutObject\",\"s3:Get*\",\"s3:List*\"],\"Effect\":\"Allow\",\"Resource\":[\"arn:aws:s3:::ghactions\"]}],\"Version\":\"2012-10-17\"}"
          },
          "sensitive_attributes": []
        }
      ]
    },
    {
      "mode": "managed",
      "type": "aws_iam_policy",
      "name": "aws-deploy-lambda-policy",
      "provider": "provider[\"registry.terraform.io/hashicorp/aws\"]",
      "instances": [
        {
          "schema_version": 0,
          "attributes": {
            "arn": "arn:aws:iam::231232113671:policy/aws_deploy_lambda_policy",
            "description": "allow aws cli to deploy lambda application",
            "id": "arn:aws:iam::231232113671:policy/aws_deploy_lambda_policy",
            "name": "aws_deploy_lambda_policy",
            "name_prefix": null,
            "path": "/",
            "policy": "{\n  \"Version\": \"2012-10-17\",\n  \"Statement\": [\n      {\n          \"Effect\": \"Allow\",\n          \"Action\": [\n              \"lambda:UpdateFunctionCode\"\n          ],\n          \"Resource\": [\n              \"arn:aws:lambda::function:lambda_func\"\n          ]\n      }\n  ]\n}\n"
          },
          "sensitive_attributes": []
        }
      ]
    }
  ]
}
